// !$*UTF8*$!
{
	archiveVersion = 1;
	classes = {
	};
	objectVersion = 50;
	objects = {

/* Begin PBXBuildFile section */
		618FC39223C7C77300FF711B /* AppDelegate.swift in Sources */ = {isa = PBXBuildFile; fileRef = 618FC39123C7C77300FF711B /* AppDelegate.swift */; };
		618FC39423C7C77300FF711B /* SceneDelegate.swift in Sources */ = {isa = PBXBuildFile; fileRef = 618FC39323C7C77300FF711B /* SceneDelegate.swift */; };
		618FC39623C7C77300FF711B /* ViewController.swift in Sources */ = {isa = PBXBuildFile; fileRef = 618FC39523C7C77300FF711B /* ViewController.swift */; };
		618FC39923C7C77300FF711B /* Main.storyboard in Resources */ = {isa = PBXBuildFile; fileRef = 618FC39723C7C77300FF711B /* Main.storyboard */; };
		618FC39B23C7C77500FF711B /* Assets.xcassets in Resources */ = {isa = PBXBuildFile; fileRef = 618FC39A23C7C77500FF711B /* Assets.xcassets */; };
		618FC39E23C7C77500FF711B /* LaunchScreen.storyboard in Resources */ = {isa = PBXBuildFile; fileRef = 618FC39C23C7C77500FF711B /* LaunchScreen.storyboard */; };
/* End PBXBuildFile section */

/* Begin PBXFileReference section */
		618FC38E23C7C77300FF711B /* Som dos Bichos.app */ = {isa = PBXFileReference; explicitFileType = wrapper.application; includeInIndex = 0; path = "Som dos Bichos.app"; sourceTree = BUILT_PRODUCTS_DIR; };
		618FC39123C7C77300FF711B /* AppDelegate.swift */ = {isa = PBXFileReference; lastKnownFileType = sourcecode.swift; path = AppDelegate.swift; sourceTree = "<group>"; };
		618FC39323C7C77300FF711B /* SceneDelegate.swift */ = {isa = PBXFileReference; lastKnownFileType = sourcecode.swift; path = SceneDelegate.swift; sourceTree = "<group>"; };
		618FC39523C7C77300FF711B /* ViewController.swift */ = {isa = PBXFileReference; lastKnownFileType = sourcecode.swift; path = ViewController.swift; sourceTree = "<group>"; };
		618FC39823C7C77300FF711B /* Base */ = {isa = PBXFileReference; lastKnownFileType = file.storyboard; name = Base; path = Base.lproj/Main.storyboard; sourceTree = "<group>"; };
		618FC39A23C7C77500FF711B /* Assets.xcassets */ = {isa = PBXFileReference; lastKnownFileType = folder.assetcatalog; path = Assets.xcassets; sourceTree = "<group>"; };
		618FC39D23C7C77500FF711B /* Base */ = {isa = PBXFileReference; lastKnownFileType = file.storyboard; name = Base; path = Base.lproj/LaunchScreen.storyboard; sourceTree = "<group>"; };
		618FC39F23C7C77500FF711B /* Info.plist */ = {isa = PBXFileReference; lastKnownFileType = text.plist.xml; path = Info.plist; sourceTree = "<group>"; };
/* End PBXFileReference section */

/* Begin PBXFrameworksBuildPhase section */
		618FC38B23C7C77300FF711B /* Frameworks */ = {
			isa = PBXFrameworksBuildPhase;
			buildActionMask = 2147483647;
			files = (
			);
			runOnlyForDeploymentPostprocessing = 0;
		};
/* End PBXFrameworksBuildPhase section */

/* Begin PBXGroup section */
		618FC38523C7C77300FF711B = {
			isa = PBXGroup;
			children = (
				618FC39023C7C77300FF711B /* Som dos Bichos */,
				618FC38F23C7C77300FF711B /* Products */,
			);
			sourceTree = "<group>";
		};
		618FC38F23C7C77300FF711B /* Products */ = {
			isa = PBXGroup;
			children = (
				618FC38E23C7C77300FF711B /* Som dos Bichos.app */,
			);
			name = Products;
			sourceTree = "<group>";
		};
		618FC39023C7C77300FF711B /* Som dos Bichos */ = {
			isa = PBXGroup;
			children = (
				618FC39123C7C77300FF711B /* AppDelegate.swift */,
				618FC39323C7C77300FF711B /* SceneDelegate.swift */,
				618FC39523C7C77300FF711B /* ViewController.swift */,
				618FC39723C7C77300FF711B /* Main.storyboard */,
				618FC39A23C7C77500FF711B /* Assets.xcassets */,
				618FC39C23C7C77500FF711B /* LaunchScreen.storyboard */,
				618FC39F23C7C77500FF711B /* Info.plist */,
			);
			path = "Som dos Bichos";
			sourceTree = "<group>";
		};
/* End PBXGroup section */

/* Begin PBXNativeTarget section */
		618FC38D23C7C77300FF711B /* Som dos Bichos */ = {
			isa = PBXNativeTarget;
			buildConfigurationList = 618FC3A223C7C77500FF711B /* Build configuration list for PBXNativeTarget "Som dos Bichos" */;
			buildPhases = (
				618FC38A23C7C77300FF711B /* Sources */,
				618FC38B23C7C77300FF711B /* Frameworks */,
				618FC38C23C7C77300FF711B /* Resources */,
			);
			buildRules = (
			);
			dependencies = (
			);
			name = "Som dos Bichos";
			productName = "Som dos Bichos";
			productReference = 618FC38E23C7C77300FF711B /* Som dos Bichos.app */;
			productType = "com.apple.product-type.application";
		};
/* End PBXNativeTarget section */

/* Begin PBXProject section */
		618FC38623C7C77300FF711B /* Project object */ = {
			isa = PBXProject;
			attributes = {
				LastSwiftUpdateCheck = 1130;
				LastUpgradeCheck = 1130;
				ORGANIZATIONNAME = "César  Ferreira";
				TargetAttributes = {
					618FC38D23C7C77300FF711B = {
						CreatedOnToolsVersion = 11.3;
					};
				};
			};
			buildConfigurationList = 618FC38923C7C77300FF711B /* Build configuration list for PBXProject "Som dos Bichos" */;
			compatibilityVersion = "Xcode 9.3";
			developmentRegion = en;
			hasScannedForEncodings = 0;
			knownRegions = (
				en,
				Base,
			);
			mainGroup = 618FC38523C7C77300FF711B;
			productRefGroup = 618FC38F23C7C77300FF711B /* Products */;
			projectDirPath = "";
			projectRoot = "";
			targets = (
				618FC38D23C7C77300FF711B /* Som dos Bichos */,
			);
		};
/* End PBXProject section */

/* Begin PBXResourcesBuildPhase section */
		618FC38C23C7C77300FF711B /* Resources */ = {
			isa = PBXResourcesBuildPhase;
			buildActionMask = 2147483647;
			files = (
				618FC39E23C7C77500FF711B /* LaunchScreen.storyboard in Resources */,
				618FC39B23C7C77500FF711B /* Assets.xcassets in Resources */,
				618FC39923C7C77300FF711B /* Main.storyboard in Resources */,
			);
			runOnlyForDeploymentPostprocessing = 0;
		};
/* End PBXResourcesBuildPhase section */

/* Begin PBXSourcesBuildPhase section */
		618FC38A23C7C77300FF711B /* Sources */ = {
			isa = PBXSourcesBuildPhase;
			buildActionMask = 2147483647;
			files = (
				618FC39623C7C77300FF711B /* ViewController.swift in Sources */,
				618FC39223C7C77300FF711B /* AppDelegate.swift in Sources */,
				618FC39423C7C77300FF711B /* SceneDelegate.swift in Sources */,
			);
			runOnlyForDeploymentPostprocessing = 0;
		};
/* End PBXSourcesBuildPhase section */

/* Begin PBXVariantGroup section */
		618FC39723C7C77300FF711B /* Main.storyboard */ = {
			isa = PBXVariantGroup;
			children = (
				618FC39823C7C77300FF711B /* Base */,
			);
			name = Main.storyboard;
			sourceTree = "<group>";
		};
		618FC39C23C7C77500FF711B /* LaunchScreen.storyboard */ = {
			isa = PBXVariantGroup;
			children = (
				618FC39D23C7C77500FF711B /* Base */,
			);
			name = LaunchScreen.storyboard;
			sourceTree = "<group>";
		};
/* End PBXVariantGroup section */

/* Begin XCBuildConfiguration section */
		618FC3A023C7C77500FF711B /* Debug */ = {
			isa = XCBuildConfiguration;
			buildSettings = {
				ALWAYS_SEARCH_USER_PATHS = NO;
				CLANG_ANALYZER_NONNULL = YES;
				CLANG_ANALYZER_NUMBER_OBJECT_CONVERSION = YES_AGGRESSIVE;
				CLANG_CXX_LANGUAGE_STANDARD = "gnu++14";
				CLANG_CXX_LIBRARY = "libc++";
				CLANG_ENABLE_MODULES = YES;
				CLANG_ENABLE_OBJC_ARC = YES;
				CLANG_ENABLE_OBJC_WEAK = YES;
				CLANG_WARN_BLOCK_CAPTURE_AUTORELEASING = YES;
				CLANG_WARN_BOOL_CONVERSION = YES;
				CLANG_WARN_COMMA = YES;
				CLANG_WARN_CONSTANT_CONVERSION = YES;
				CLANG_WARN_DEPRECATED_OBJC_IMPLEMENTATIONS = YES;
				CLANG_WARN_DIRECT_OBJC_ISA_USAGE = YES_ERROR;
				CLANG_WARN_DOCUMENTATION_COMMENTS = YES;
				CLANG_WARN_EMPTY_BODY = YES;
				CLANG_WARN_ENUM_CONVERSION = YES;
				CLANG_WARN_INFINITE_RECURSION = YES;
				CLANG_WARN_INT_CONVERSION = YES;
				CLANG_WARN_NON_LITERAL_NULL_CONVERSION = YES;
				CLANG_WARN_OBJC_IMPLICIT_RETAIN_SELF = YES;
				CLANG_WARN_OBJC_LITERAL_CONVERSION = YES;
				CLANG_WARN_OBJC_ROOT_CLASS = YES_ERROR;
				CLANG_WARN_RANGE_LOOP_ANALYSIS = YES;
				CLANG_WARN_STRICT_PROTOTYPES = YES;
				CLANG_WARN_SUSPICIOUS_MOVE = YES;
				CLANG_WARN_UNGUARDED_AVAILABILITY = YES_AGGRESSIVE;
				CLANG_WARN_UNREACHABLE_CODE = YES;
				CLANG_WARN__DUPLICATE_METHOD_MATCH = YES;
				COPY_PHASE_STRIP = NO;
				DEBUG_INFORMATION_FORMAT = dwarf;
				ENABLE_STRICT_OBJC_MSGSEND = YES;
				ENABLE_TESTABILITY = YES;
				GCC_C_LANGUAGE_STANDARD = gnu11;
				GCC_DYNAMIC_NO_PIC = NO;
				GCC_NO_COMMON_BLOCKS = YES;
				GCC_OPTIMIZATION_LEVEL = 0;
				GCC_PREPROCESSOR_DEFINITIONS = (
					"DEBUG=1",
					"$(inherited)",
				);
				GCC_WARN_64_TO_32_BIT_CONVERSION = YES;
				GCC_WARN_ABOUT_RETURN_TYPE = YES_ERROR;
				GCC_WARN_UNDECLARED_SELECTOR = YES;
				GCC_WARN_UNINITIALIZED_AUTOS = YES_AGGRESSIVE;
				GCC_WARN_UNUSED_FUNCTION = YES;
				GCC_WARN_UNUSED_VARIABLE = YES;
				IPHONEOS_DEPLOYMENT_TARGET = 13.2;
				MTL_ENABLE_DEBUG_INFO = INCLUDE_SOURCE;
				MTL_FAST_MATH = YES;
				ONLY_ACTIVE_ARCH = YES;
				SDKROOT = iphoneos;
				SWIFT_ACTIVE_COMPILATION_CONDITIONS = DEBUG;
				SWIFT_OPTIMIZATION_LEVEL = "-Onone";
			};
			name = Debug;
		};
		618FC3A123C7C77500FF711B /* Release */ = {
			isa = XCBuildConfiguration;
			buildSettings = {
				ALWAYS_SEARCH_USER_PATHS = NO;
				CLANG_ANALYZER_NONNULL = YES;
				CLANG_ANALYZER_NUMBER_OBJECT_CONVERSION = YES_AGGRESSIVE;
				CLANG_CXX_LANGUAGE_STANDARD = "gnu++14";
				CLANG_CXX_LIBRARY = "libc++";
				CLANG_ENABLE_MODULES = YES;
				CLANG_ENABLE_OBJC_ARC = YES;
				CLANG_ENABLE_OBJC_WEAK = YES;
				CLANG_WARN_BLOCK_CAPTURE_AUTORELEASING = YES;
				CLANG_WARN_BOOL_CONVERSION = YES;
				CLANG_WARN_COMMA = YES;
				CLANG_WARN_CONSTANT_CONVERSION = YES;
				CLANG_WARN_DEPRECATED_OBJC_IMPLEMENTATIONS = YES;
				CLANG_WARN_DIRECT_OBJC_ISA_USAGE = YES_ERROR;
				CLANG_WARN_DOCUMENTATION_COMMENTS = YES;
				CLANG_WARN_EMPTY_BODY = YES;
				CLANG_WARN_ENUM_CONVERSION = YES;
				CLANG_WARN_INFINITE_RECURSION = YES;
				CLANG_WARN_INT_CONVERSION = YES;
				CLANG_WARN_NON_LITERAL_NULL_CONVERSION = YES;
				CLANG_WARN_OBJC_IMPLICIT_RETAIN_SELF = YES;
				CLANG_WARN_OBJC_LITERAL_CONVERSION = YES;
				CLANG_WARN_OBJC_ROOT_CLASS = YES_ERROR;
				CLANG_WARN_RANGE_LOOP_ANALYSIS = YES;
				CLANG_WARN_STRICT_PROTOTYPES = YES;
				CLANG_WARN_SUSPICIOUS_MOVE = YES;
				CLANG_WARN_UNGUARDED_AVAILABILITY = YES_AGGRESSIVE;
				CLANG_WARN_UNREACHABLE_CODE = YES;
				CLANG_WARN__DUPLICATE_METHOD_MATCH = YES;
				COPY_PHASE_STRIP = NO;
				DEBUG_INFORMATION_FORMAT = "dwarf-with-dsym";
				ENABLE_NS_ASSERTIONS = NO;
				ENABLE_STRICT_OBJC_MSGSEND = YES;
				GCC_C_LANGUAGE_STANDARD = gnu11;
				GCC_NO_COMMON_BLOCKS = YES;
				GCC_WARN_64_TO_32_BIT_CONVERSION = YES;
				GCC_WARN_ABOUT_RETURN_TYPE = YES_ERROR;
				GCC_WARN_UNDECLARED_SELECTOR = YES;
				GCC_WARN_UNINITIALIZED_AUTOS = YES_AGGRESSIVE;
				GCC_WARN_UNUSED_FUNCTION = YES;
				GCC_WARN_UNUSED_VARIABLE = YES;
				IPHONEOS_DEPLOYMENT_TARGET = 13.2;
				MTL_ENABLE_DEBUG_INFO = NO;
				MTL_FAST_MATH = YES;
				SDKROOT = iphoneos;
				SWIFT_COMPILATION_MODE = wholemodule;
				SWIFT_OPTIMIZATION_LEVEL = "-O";
				VALIDATE_PRODUCT = YES;
			};
			name = Release;
		};
		618FC3A323C7C77500FF711B /* Debug */ = {
			isa = XCBuildConfiguration;
			buildSettings = {
				ASSETCATALOG_COMPILER_APPICON_NAME = AppIcon;
				CODE_SIGN_STYLE = Automatic;
				INFOPLIST_FILE = "Som dos Bichos/Info.plist";
				LD_RUNPATH_SEARCH_PATHS = (
					"$(inherited)",
					"@executable_path/Frameworks",
				);
				PRODUCT_BUNDLE_IDENTIFIER = "com.cesar.Som-dos-Bichos";
				PRODUCT_NAME = "$(TARGET_NAME)";
				SWIFT_VERSION = 5.0;
				TARGETED_DEVICE_FAMILY = "1,2";
			};
			name = Debug;
		};
		618FC3A423C7C77500FF711B /* Release */ = {
			isa = XCBuildConfiguration;
			buildSettings = {
				ASSETCATALOG_COMPILER_APPICON_NAME = AppIcon;
				CODE_SIGN_STYLE = Automatic;
				INFOPLIST_FILE = "Som dos Bichos/Info.plist";
				LD_RUNPATH_SEARCH_PATHS = (
					"$(inherited)",
					"@executable_path/Frameworks",
				);
				PRODUCT_BUNDLE_IDENTIFIER = "com.cesar.Som-dos-Bichos";
				PRODUCT_NAME = "$(TARGET_NAME)";
				SWIFT_VERSION = 5.0;
				TARGETED_DEVICE_FAMILY = "1,2";
			};
			name = Release;
		};
/* End XCBuildConfiguration section */

/* Begin XCConfigurationList section */
		618FC38923C7C77300FF711B /* Build configuration list for PBXProject "Som dos Bichos" */ = {
			isa = XCConfigurationList;
			buildConfigurations = (
				618FC3A023C7C77500FF711B /* Debug */,
				618FC3A123C7C77500FF711B /* Release */,
			);
			defaultConfigurationIsVisible = 0;
			defaultConfigurationName = Release;
		};
		618FC3A223C7C77500FF711B /* Build configuration list for PBXNativeTarget "Som dos Bichos" */ = {
			isa = XCConfigurationList;
			buildConfigurations = (
				618FC3A323C7C77500FF711B /* Debug */,
				618FC3A423C7C77500FF711B /* Release */,
			);
			defaultConfigurationIsVisible = 0;
			defaultConfigurationName = Release;
		};
/* End XCConfigurationList section */
	};
	rootObject = 618FC38623C7C77300FF711B /* Project object */;
}
